
Microsoft Visual Studio Solution File, Format Version 12.00
# Visual Studio 15
VisualStudioVersion = 15.0.26730.8
MinimumVisualStudioVersion = 10.0.40219.1
Project("{FAE04EC0-301F-11D3-BF4B-00C04F79EFBC}") = "BTFactorizor.UI", "BTFactorizor\BTFactorizor.UI.csproj", "{022B828A-A15A-4A8D-8EB5-70AE6A2BEFF9}"
EndProject
Project("{FAE04EC0-301F-11D3-BF4B-00C04F79EFBC}") = "Factorizor.BLL", "Factorizor.BLL\Factorizor.BLL.csproj", "{611CEF3B-528A-4729-8C90-6B5512F8668D}"
EndProject
Project("{FAE04EC0-301F-11D3-BF4B-00C04F79EFBC}") = "Factorizor.Tests", "Factorizor.Tests\Factorizor.Tests.csproj", "{1972A000-ABFA-4409-862E-A350788EE95D}"
EndProject
Global
	GlobalSection(SolutionConfigurationPlatforms) = preSolution
		Debug|Any CPU = Debug|Any CPU
		Release|Any CPU = Release|Any CPU
	EndGlobalSection
	GlobalSection(ProjectConfigurationPlatforms) = postSolution
		{022B828A-A15A-4A8D-8EB5-70AE6A2BEFF9}.Debug|Any CPU.ActiveCfg = Debug|Any CPU
		{022B828A-A15A-4A8D-8EB5-70AE6A2BEFF9}.Debug|Any CPU.Build.0 = Debug|Any CPU
		{022B828A-A15A-4A8D-8EB5-70AE6A2BEFF9}.Release|Any CPU.ActiveCfg = Release|Any CPU
		{022B828A-A15A-4A8D-8EB5-70AE6A2BEFF9}.Release|Any CPU.Build.0 = Release|Any CPU
		{611CEF3B-528A-4729-8C90-6B5512F8668D}.Debug|Any CPU.ActiveCfg = Debug|Any CPU
		{611CEF3B-528A-4729-8C90-6B5512F8668D}.Debug|Any CPU.Build.0 = Debug|Any CPU
		{611CEF3B-528A-4729-8C90-6B5512F8668D}.Release|Any CPU.ActiveCfg = Release|Any CPU
		{611CEF3B-528A-4729-8C90-6B5512F8668D}.Release|Any CPU.Build.0 = Release|Any CPU
		{1972A000-ABFA-4409-862E-A350788EE95D}.Debug|Any CPU.ActiveCfg = Debug|Any CPU
		{1972A000-ABFA-4409-862E-A350788EE95D}.Debug|Any CPU.Build.0 = Debug|Any CPU
		{1972A000-ABFA-4409-862E-A350788EE95D}.Release|Any CPU.ActiveCfg = Release|Any CPU
		{1972A000-ABFA-4409-862E-A350788EE95D}.Release|Any CPU.Build.0 = Release|Any CPU
	EndGlobalSection
	GlobalSection(SolutionProperties) = preSolution
		HideSolutionNode = FALSE
	EndGlobalSection
	GlobalSection(ExtensibilityGlobals) = postSolution
		SolutionGuid = {8F1B4957-5B14-41D6-A204-4ABFEDE3AB7B}
	EndGlobalSection
EndGlobal
