
Microsoft Visual Studio Solution File, Format Version 12.00
# Visual Studio 15
VisualStudioVersion = 15.0.27004.2009
MinimumVisualStudioVersion = 10.0.40219.1
Project("{FAE04EC0-301F-11D3-BF4B-00C04F79EFBC}") = "FM.UI", "FM.UI\FM.UI.csproj", "{5998C35E-FD51-4127-B963-C6D1F0BF5612}"
EndProject
Project("{FAE04EC0-301F-11D3-BF4B-00C04F79EFBC}") = "FM.BLL", "FM.BLL\FM.BLL.csproj", "{38C97B08-6CDC-4307-A11E-DFCD65257C01}"
EndProject
Project("{FAE04EC0-301F-11D3-BF4B-00C04F79EFBC}") = "FM.Data", "FM.Data\FM.Data.csproj", "{94139834-D6F8-43B9-9E4A-5482BC0F9FB4}"
EndProject
Project("{FAE04EC0-301F-11D3-BF4B-00C04F79EFBC}") = "FM.Models", "FM.Models\FM.Models.csproj", "{304A9C73-C1D2-434D-9141-7307D31B9027}"
EndProject
Project("{FAE04EC0-301F-11D3-BF4B-00C04F79EFBC}") = "FM.Tests", "FM.Tests\FM.Tests.csproj", "{12083F64-E941-4039-B9D1-8654DAF3EA69}"
EndProject
Global
	GlobalSection(SolutionConfigurationPlatforms) = preSolution
		Debug|Any CPU = Debug|Any CPU
		Release|Any CPU = Release|Any CPU
	EndGlobalSection
	GlobalSection(ProjectConfigurationPlatforms) = postSolution
		{5998C35E-FD51-4127-B963-C6D1F0BF5612}.Debug|Any CPU.ActiveCfg = Debug|Any CPU
		{5998C35E-FD51-4127-B963-C6D1F0BF5612}.Debug|Any CPU.Build.0 = Debug|Any CPU
		{5998C35E-FD51-4127-B963-C6D1F0BF5612}.Release|Any CPU.ActiveCfg = Release|Any CPU
		{5998C35E-FD51-4127-B963-C6D1F0BF5612}.Release|Any CPU.Build.0 = Release|Any CPU
		{38C97B08-6CDC-4307-A11E-DFCD65257C01}.Debug|Any CPU.ActiveCfg = Debug|Any CPU
		{38C97B08-6CDC-4307-A11E-DFCD65257C01}.Debug|Any CPU.Build.0 = Debug|Any CPU
		{38C97B08-6CDC-4307-A11E-DFCD65257C01}.Release|Any CPU.ActiveCfg = Release|Any CPU
		{38C97B08-6CDC-4307-A11E-DFCD65257C01}.Release|Any CPU.Build.0 = Release|Any CPU
		{94139834-D6F8-43B9-9E4A-5482BC0F9FB4}.Debug|Any CPU.ActiveCfg = Debug|Any CPU
		{94139834-D6F8-43B9-9E4A-5482BC0F9FB4}.Debug|Any CPU.Build.0 = Debug|Any CPU
		{94139834-D6F8-43B9-9E4A-5482BC0F9FB4}.Release|Any CPU.ActiveCfg = Release|Any CPU
		{94139834-D6F8-43B9-9E4A-5482BC0F9FB4}.Release|Any CPU.Build.0 = Release|Any CPU
		{304A9C73-C1D2-434D-9141-7307D31B9027}.Debug|Any CPU.ActiveCfg = Debug|Any CPU
		{304A9C73-C1D2-434D-9141-7307D31B9027}.Debug|Any CPU.Build.0 = Debug|Any CPU
		{304A9C73-C1D2-434D-9141-7307D31B9027}.Release|Any CPU.ActiveCfg = Release|Any CPU
		{304A9C73-C1D2-434D-9141-7307D31B9027}.Release|Any CPU.Build.0 = Release|Any CPU
		{12083F64-E941-4039-B9D1-8654DAF3EA69}.Debug|Any CPU.ActiveCfg = Debug|Any CPU
		{12083F64-E941-4039-B9D1-8654DAF3EA69}.Debug|Any CPU.Build.0 = Debug|Any CPU
		{12083F64-E941-4039-B9D1-8654DAF3EA69}.Release|Any CPU.ActiveCfg = Release|Any CPU
		{12083F64-E941-4039-B9D1-8654DAF3EA69}.Release|Any CPU.Build.0 = Release|Any CPU
	EndGlobalSection
	GlobalSection(SolutionProperties) = preSolution
		HideSolutionNode = FALSE
	EndGlobalSection
	GlobalSection(ExtensibilityGlobals) = postSolution
		SolutionGuid = {D6D328B0-C38F-4A6C-B267-44268F4D29A5}
	EndGlobalSection
EndGlobal
